
Microsoft Visual Studio Solution File, Format Version 12.00
# Visual Studio Version 16
VisualStudioVersion = 16.0.32901.82
MinimumVisualStudioVersion = 10.0.40219.1
Project("{FAE04EC0-301F-11D3-BF4B-00C04F79EFBC}") = "TestLoad", "TestLoad\TestLoad.csproj", "{CA89898A-2C56-4DFF-995A-AD051942A3CB}"
EndProject
Project("{2150E333-8FDC-42A3-9474-1A3956D46DE8}") = "TestApplication", "TestApplication", "{CD83C847-FC0D-4686-9621-3578618C19A7}"
EndProject
Project("{2150E333-8FDC-42A3-9474-1A3956D46DE8}") = "Core", "Core", "{D2488BFE-CFA5-4B57-A749-113B8CC13B10}"
EndProject
Project("{FAE04EC0-301F-11D3-BF4B-00C04F79EFBC}") = "FloorPlanMap", "FloorPlanMap\FloorPlanMap.csproj", "{9207325A-AAF6-48AB-8F5F-80721A6C6D19}"
EndProject
Project("{2150E333-8FDC-42A3-9474-1A3956D46DE8}") = "Multiload", "Multiload", "{0DA23192-7E87-48F4-8CA9-7070EE254E0F}"
EndProject
Project("{FAE04EC0-301F-11D3-BF4B-00C04F79EFBC}") = "MTest", "MTest\MTest.csproj", "{B24A357F-06F0-41EA-B4A4-B56EDE428803}"
EndProject
Project("{FAE04EC0-301F-11D3-BF4B-00C04F79EFBC}") = "MTest2", "MTest2\MTest2.csproj", "{78E7C876-AECC-41F5-B7EE-D556494AC756}"
EndProject
Project("{FAE04EC0-301F-11D3-BF4B-00C04F79EFBC}") = "Library", "..\iSAPWPFFramework\Library.csproj", "{868F774C-8887-4C62-8E29-AC3B3A73D6C9}"
EndProject
Global
	GlobalSection(SolutionConfigurationPlatforms) = preSolution
		Debug|Any CPU = Debug|Any CPU
		Debug|x64 = Debug|x64
		Debug|x86 = Debug|x86
		Release|Any CPU = Release|Any CPU
		Release|x64 = Release|x64
		Release|x86 = Release|x86
	EndGlobalSection
	GlobalSection(ProjectConfigurationPlatforms) = postSolution
		{CA89898A-2C56-4DFF-995A-AD051942A3CB}.Debug|Any CPU.ActiveCfg = Debug|Any CPU
		{CA89898A-2C56-4DFF-995A-AD051942A3CB}.Debug|Any CPU.Build.0 = Debug|Any CPU
		{CA89898A-2C56-4DFF-995A-AD051942A3CB}.Debug|x64.ActiveCfg = Debug|Any CPU
		{CA89898A-2C56-4DFF-995A-AD051942A3CB}.Debug|x64.Build.0 = Debug|Any CPU
		{CA89898A-2C56-4DFF-995A-AD051942A3CB}.Debug|x86.ActiveCfg = Debug|Any CPU
		{CA89898A-2C56-4DFF-995A-AD051942A3CB}.Debug|x86.Build.0 = Debug|Any CPU
		{CA89898A-2C56-4DFF-995A-AD051942A3CB}.Release|Any CPU.ActiveCfg = Release|Any CPU
		{CA89898A-2C56-4DFF-995A-AD051942A3CB}.Release|Any CPU.Build.0 = Release|Any CPU
		{CA89898A-2C56-4DFF-995A-AD051942A3CB}.Release|x64.ActiveCfg = Release|Any CPU
		{CA89898A-2C56-4DFF-995A-AD051942A3CB}.Release|x64.Build.0 = Release|Any CPU
		{CA89898A-2C56-4DFF-995A-AD051942A3CB}.Release|x86.ActiveCfg = Release|Any CPU
		{CA89898A-2C56-4DFF-995A-AD051942A3CB}.Release|x86.Build.0 = Release|Any CPU
		{9207325A-AAF6-48AB-8F5F-80721A6C6D19}.Debug|Any CPU.ActiveCfg = Debug|Any CPU
		{9207325A-AAF6-48AB-8F5F-80721A6C6D19}.Debug|Any CPU.Build.0 = Debug|Any CPU
		{9207325A-AAF6-48AB-8F5F-80721A6C6D19}.Debug|x64.ActiveCfg = Debug|x64
		{9207325A-AAF6-48AB-8F5F-80721A6C6D19}.Debug|x64.Build.0 = Debug|x64
		{9207325A-AAF6-48AB-8F5F-80721A6C6D19}.Debug|x86.ActiveCfg = Debug|x86
		{9207325A-AAF6-48AB-8F5F-80721A6C6D19}.Debug|x86.Build.0 = Debug|x86
		{9207325A-AAF6-48AB-8F5F-80721A6C6D19}.Release|Any CPU.ActiveCfg = Release|Any CPU
		{9207325A-AAF6-48AB-8F5F-80721A6C6D19}.Release|Any CPU.Build.0 = Release|Any CPU
		{9207325A-AAF6-48AB-8F5F-80721A6C6D19}.Release|x64.ActiveCfg = Release|x64
		{9207325A-AAF6-48AB-8F5F-80721A6C6D19}.Release|x64.Build.0 = Release|x64
		{9207325A-AAF6-48AB-8F5F-80721A6C6D19}.Release|x86.ActiveCfg = Release|x86
		{9207325A-AAF6-48AB-8F5F-80721A6C6D19}.Release|x86.Build.0 = Release|x86
		{B24A357F-06F0-41EA-B4A4-B56EDE428803}.Debug|Any CPU.ActiveCfg = Debug|Any CPU
		{B24A357F-06F0-41EA-B4A4-B56EDE428803}.Debug|Any CPU.Build.0 = Debug|Any CPU
		{B24A357F-06F0-41EA-B4A4-B56EDE428803}.Debug|x64.ActiveCfg = Debug|Any CPU
		{B24A357F-06F0-41EA-B4A4-B56EDE428803}.Debug|x64.Build.0 = Debug|Any CPU
		{B24A357F-06F0-41EA-B4A4-B56EDE428803}.Debug|x86.ActiveCfg = Debug|Any CPU
		{B24A357F-06F0-41EA-B4A4-B56EDE428803}.Debug|x86.Build.0 = Debug|Any CPU
		{B24A357F-06F0-41EA-B4A4-B56EDE428803}.Release|Any CPU.ActiveCfg = Release|Any CPU
		{B24A357F-06F0-41EA-B4A4-B56EDE428803}.Release|Any CPU.Build.0 = Release|Any CPU
		{B24A357F-06F0-41EA-B4A4-B56EDE428803}.Release|x64.ActiveCfg = Release|Any CPU
		{B24A357F-06F0-41EA-B4A4-B56EDE428803}.Release|x64.Build.0 = Release|Any CPU
		{B24A357F-06F0-41EA-B4A4-B56EDE428803}.Release|x86.ActiveCfg = Release|Any CPU
		{B24A357F-06F0-41EA-B4A4-B56EDE428803}.Release|x86.Build.0 = Release|Any CPU
		{78E7C876-AECC-41F5-B7EE-D556494AC756}.Debug|Any CPU.ActiveCfg = Debug|Any CPU
		{78E7C876-AECC-41F5-B7EE-D556494AC756}.Debug|Any CPU.Build.0 = Debug|Any CPU
		{78E7C876-AECC-41F5-B7EE-D556494AC756}.Debug|x64.ActiveCfg = Debug|Any CPU
		{78E7C876-AECC-41F5-B7EE-D556494AC756}.Debug|x64.Build.0 = Debug|Any CPU
		{78E7C876-AECC-41F5-B7EE-D556494AC756}.Debug|x86.ActiveCfg = Debug|Any CPU
		{78E7C876-AECC-41F5-B7EE-D556494AC756}.Debug|x86.Build.0 = Debug|Any CPU
		{78E7C876-AECC-41F5-B7EE-D556494AC756}.Release|Any CPU.ActiveCfg = Release|Any CPU
		{78E7C876-AECC-41F5-B7EE-D556494AC756}.Release|Any CPU.Build.0 = Release|Any CPU
		{78E7C876-AECC-41F5-B7EE-D556494AC756}.Release|x64.ActiveCfg = Release|Any CPU
		{78E7C876-AECC-41F5-B7EE-D556494AC756}.Release|x64.Build.0 = Release|Any CPU
		{78E7C876-AECC-41F5-B7EE-D556494AC756}.Release|x86.ActiveCfg = Release|Any CPU
		{78E7C876-AECC-41F5-B7EE-D556494AC756}.Release|x86.Build.0 = Release|Any CPU
		{868F774C-8887-4C62-8E29-AC3B3A73D6C9}.Debug|Any CPU.ActiveCfg = Debug|Any CPU
		{868F774C-8887-4C62-8E29-AC3B3A73D6C9}.Debug|Any CPU.Build.0 = Debug|Any CPU
		{868F774C-8887-4C62-8E29-AC3B3A73D6C9}.Debug|x64.ActiveCfg = Debug|x64
		{868F774C-8887-4C62-8E29-AC3B3A73D6C9}.Debug|x64.Build.0 = Debug|x64
		{868F774C-8887-4C62-8E29-AC3B3A73D6C9}.Debug|x86.ActiveCfg = Debug|x86
		{868F774C-8887-4C62-8E29-AC3B3A73D6C9}.Debug|x86.Build.0 = Debug|x86
		{868F774C-8887-4C62-8E29-AC3B3A73D6C9}.Release|Any CPU.ActiveCfg = Release|Any CPU
		{868F774C-8887-4C62-8E29-AC3B3A73D6C9}.Release|Any CPU.Build.0 = Release|Any CPU
		{868F774C-8887-4C62-8E29-AC3B3A73D6C9}.Release|x64.ActiveCfg = Release|x64
		{868F774C-8887-4C62-8E29-AC3B3A73D6C9}.Release|x64.Build.0 = Release|x64
		{868F774C-8887-4C62-8E29-AC3B3A73D6C9}.Release|x86.ActiveCfg = Release|x86
		{868F774C-8887-4C62-8E29-AC3B3A73D6C9}.Release|x86.Build.0 = Release|x86
	EndGlobalSection
	GlobalSection(SolutionProperties) = preSolution
		HideSolutionNode = FALSE
	EndGlobalSection
	GlobalSection(NestedProjects) = preSolution
		{CA89898A-2C56-4DFF-995A-AD051942A3CB} = {CD83C847-FC0D-4686-9621-3578618C19A7}
		{9207325A-AAF6-48AB-8F5F-80721A6C6D19} = {D2488BFE-CFA5-4B57-A749-113B8CC13B10}
		{B24A357F-06F0-41EA-B4A4-B56EDE428803} = {0DA23192-7E87-48F4-8CA9-7070EE254E0F}
		{78E7C876-AECC-41F5-B7EE-D556494AC756} = {0DA23192-7E87-48F4-8CA9-7070EE254E0F}
		{868F774C-8887-4C62-8E29-AC3B3A73D6C9} = {D2488BFE-CFA5-4B57-A749-113B8CC13B10}
	EndGlobalSection
	GlobalSection(ExtensibilityGlobals) = postSolution
		SolutionGuid = {620FF422-36F8-47A2-B647-A76B259B2C09}
	EndGlobalSection
EndGlobal
